
Microsoft Visual Studio Solution File, Format Version 12.00
# Visual Studio Version 17
VisualStudioVersion = 17.2.32516.85
MinimumVisualStudioVersion = 10.0.40219.1
Project("{FAE04EC0-301F-11D3-BF4B-00C04F79EFBC}") = "JueriOnlineShop", "JueriOnlineShop\JueriOnlineShop.csproj", "{363E774E-844F-4668-BC15-E610D7A48A2B}"
EndProject
Global
	GlobalSection(SolutionConfigurationPlatforms) = preSolution
		Debug|Any CPU = Debug|Any CPU
		Release|Any CPU = Release|Any CPU
	EndGlobalSection
	GlobalSection(ProjectConfigurationPlatforms) = postSolution
		{363E774E-844F-4668-BC15-E610D7A48A2B}.Debug|Any CPU.ActiveCfg = Debug|Any CPU
		{363E774E-844F-4668-BC15-E610D7A48A2B}.Debug|Any CPU.Build.0 = Debug|Any CPU
		{363E774E-844F-4668-BC15-E610D7A48A2B}.Release|Any CPU.ActiveCfg = Release|Any CPU
		{363E774E-844F-4668-BC15-E610D7A48A2B}.Release|Any CPU.Build.0 = Release|Any CPU
	EndGlobalSection
	GlobalSection(SolutionProperties) = preSolution
		HideSolutionNode = FALSE
	EndGlobalSection
	GlobalSection(ExtensibilityGlobals) = postSolution
		SolutionGuid = {4CCFA0E9-7D37-4DC5-811E-E0F4E2D7C406}
	EndGlobalSection
EndGlobal
